
Microsoft Visual Studio Solution File, Format Version 12.00
# Visual Studio Version 17
VisualStudioVersion = 17.9.34607.119
MinimumVisualStudioVersion = 10.0.40219.1
Project("{8BC9CEB8-8B4A-11D0-8D11-00A0C91BC942}") = "Lab04_1", "Lab04_1.vcxproj", "{0A046C4A-E3B3-4B48-889C-F71A02E243B9}"
EndProject
Project("{8BC9CEB8-8B4A-11D0-8D11-00A0C91BC942}") = "UnitTest1", "..\UnitTest1\UnitTest1.vcxproj", "{9EA0EAA2-DB2B-48C8-ADA9-1BCBD6E25E38}"
EndProject
Global
	GlobalSection(SolutionConfigurationPlatforms) = preSolution
		Debug|x64 = Debug|x64
		Debug|x86 = Debug|x86
		Release|x64 = Release|x64
		Release|x86 = Release|x86
	EndGlobalSection
	GlobalSection(ProjectConfigurationPlatforms) = postSolution
		{0A046C4A-E3B3-4B48-889C-F71A02E243B9}.Debug|x64.ActiveCfg = Debug|x64
		{0A046C4A-E3B3-4B48-889C-F71A02E243B9}.Debug|x64.Build.0 = Debug|x64
		{0A046C4A-E3B3-4B48-889C-F71A02E243B9}.Debug|x86.ActiveCfg = Debug|Win32
		{0A046C4A-E3B3-4B48-889C-F71A02E243B9}.Debug|x86.Build.0 = Debug|Win32
		{0A046C4A-E3B3-4B48-889C-F71A02E243B9}.Release|x64.ActiveCfg = Release|x64
		{0A046C4A-E3B3-4B48-889C-F71A02E243B9}.Release|x64.Build.0 = Release|x64
		{0A046C4A-E3B3-4B48-889C-F71A02E243B9}.Release|x86.ActiveCfg = Release|Win32
		{0A046C4A-E3B3-4B48-889C-F71A02E243B9}.Release|x86.Build.0 = Release|Win32
		{9EA0EAA2-DB2B-48C8-ADA9-1BCBD6E25E38}.Debug|x64.ActiveCfg = Debug|x64
		{9EA0EAA2-DB2B-48C8-ADA9-1BCBD6E25E38}.Debug|x64.Build.0 = Debug|x64
		{9EA0EAA2-DB2B-48C8-ADA9-1BCBD6E25E38}.Debug|x86.ActiveCfg = Debug|Win32
		{9EA0EAA2-DB2B-48C8-ADA9-1BCBD6E25E38}.Debug|x86.Build.0 = Debug|Win32
		{9EA0EAA2-DB2B-48C8-ADA9-1BCBD6E25E38}.Release|x64.ActiveCfg = Release|x64
		{9EA0EAA2-DB2B-48C8-ADA9-1BCBD6E25E38}.Release|x64.Build.0 = Release|x64
		{9EA0EAA2-DB2B-48C8-ADA9-1BCBD6E25E38}.Release|x86.ActiveCfg = Release|Win32
		{9EA0EAA2-DB2B-48C8-ADA9-1BCBD6E25E38}.Release|x86.Build.0 = Release|Win32
	EndGlobalSection
	GlobalSection(SolutionProperties) = preSolution
		HideSolutionNode = FALSE
	EndGlobalSection
	GlobalSection(ExtensibilityGlobals) = postSolution
		SolutionGuid = {E1277501-9D01-4987-98DF-89C5B06F9417}
	EndGlobalSection
EndGlobal
